
Microsoft Visual Studio Solution File, Format Version 12.00
# Visual Studio 15
VisualStudioVersion = 15.0.33801.198
MinimumVisualStudioVersion = 10.0.40219.1
Project("{8BC9CEB8-8B4A-11D0-8D11-00A0C91BC942}") = "ParserApp", "ParserApp\ParserApp.vcxproj", "{6E1B2640-EEFB-40D3-B873-1DA600AD26A1}"
EndProject
Project("{8BC9CEB8-8B4A-11D0-8D11-00A0C91BC942}") = "ScannerLib", "ScannerLib\ScannerLib.vcxproj", "{E733D866-909D-471D-B770-BC33321CE580}"
EndProject
Project("{8BC9CEB8-8B4A-11D0-8D11-00A0C91BC942}") = "ParserLib", "ParserLib\ParserLib.vcxproj", "{5CA594F2-AAE2-4179-8637-79C21EAE7F37}"
EndProject
Global
	GlobalSection(SolutionConfigurationPlatforms) = preSolution
		Debug|x64 = Debug|x64
		Debug|x86 = Debug|x86
		Release|x64 = Release|x64
		Release|x86 = Release|x86
	EndGlobalSection
	GlobalSection(ProjectConfigurationPlatforms) = postSolution
		{6E1B2640-EEFB-40D3-B873-1DA600AD26A1}.Debug|x64.ActiveCfg = Debug|x64
		{6E1B2640-EEFB-40D3-B873-1DA600AD26A1}.Debug|x64.Build.0 = Debug|x64
		{6E1B2640-EEFB-40D3-B873-1DA600AD26A1}.Debug|x86.ActiveCfg = Debug|Win32
		{6E1B2640-EEFB-40D3-B873-1DA600AD26A1}.Debug|x86.Build.0 = Debug|Win32
		{6E1B2640-EEFB-40D3-B873-1DA600AD26A1}.Release|x64.ActiveCfg = Release|x64
		{6E1B2640-EEFB-40D3-B873-1DA600AD26A1}.Release|x64.Build.0 = Release|x64
		{6E1B2640-EEFB-40D3-B873-1DA600AD26A1}.Release|x86.ActiveCfg = Release|Win32
		{6E1B2640-EEFB-40D3-B873-1DA600AD26A1}.Release|x86.Build.0 = Release|Win32
		{E733D866-909D-471D-B770-BC33321CE580}.Debug|x64.ActiveCfg = Debug|x64
		{E733D866-909D-471D-B770-BC33321CE580}.Debug|x64.Build.0 = Debug|x64
		{E733D866-909D-471D-B770-BC33321CE580}.Debug|x86.ActiveCfg = Debug|Win32
		{E733D866-909D-471D-B770-BC33321CE580}.Debug|x86.Build.0 = Debug|Win32
		{E733D866-909D-471D-B770-BC33321CE580}.Release|x64.ActiveCfg = Release|x64
		{E733D866-909D-471D-B770-BC33321CE580}.Release|x64.Build.0 = Release|x64
		{E733D866-909D-471D-B770-BC33321CE580}.Release|x86.ActiveCfg = Release|Win32
		{E733D866-909D-471D-B770-BC33321CE580}.Release|x86.Build.0 = Release|Win32
		{5CA594F2-AAE2-4179-8637-79C21EAE7F37}.Debug|x64.ActiveCfg = Debug|x64
		{5CA594F2-AAE2-4179-8637-79C21EAE7F37}.Debug|x64.Build.0 = Debug|x64
		{5CA594F2-AAE2-4179-8637-79C21EAE7F37}.Debug|x86.ActiveCfg = Debug|Win32
		{5CA594F2-AAE2-4179-8637-79C21EAE7F37}.Debug|x86.Build.0 = Debug|Win32
		{5CA594F2-AAE2-4179-8637-79C21EAE7F37}.Release|x64.ActiveCfg = Release|x64
		{5CA594F2-AAE2-4179-8637-79C21EAE7F37}.Release|x64.Build.0 = Release|x64
		{5CA594F2-AAE2-4179-8637-79C21EAE7F37}.Release|x86.ActiveCfg = Release|Win32
		{5CA594F2-AAE2-4179-8637-79C21EAE7F37}.Release|x86.Build.0 = Release|Win32
	EndGlobalSection
	GlobalSection(SolutionProperties) = preSolution
		HideSolutionNode = FALSE
	EndGlobalSection
	GlobalSection(ExtensibilityGlobals) = postSolution
		SolutionGuid = {564F8AFF-7D0B-4133-B5D1-BBA1E20A67D1}
	EndGlobalSection
EndGlobal
